
Microsoft Visual Studio Solution File, Format Version 12.00
# Visual Studio Version 17
VisualStudioVersion = 17.13.35931.197
MinimumVisualStudioVersion = 10.0.40219.1
Project("{FAE04EC0-301F-11D3-BF4B-00C04F79EFBC}") = "APICatalogo", "APICatalogo\APICatalogo.csproj", "{4922AADB-EE01-4AC0-B181-6B013685950B}"
EndProject
Global
	GlobalSection(SolutionConfigurationPlatforms) = preSolution
		Debug|Any CPU = Debug|Any CPU
		Release|Any CPU = Release|Any CPU
	EndGlobalSection
	GlobalSection(ProjectConfigurationPlatforms) = postSolution
		{4922AADB-EE01-4AC0-B181-6B013685950B}.Debug|Any CPU.ActiveCfg = Debug|Any CPU
		{4922AADB-EE01-4AC0-B181-6B013685950B}.Debug|Any CPU.Build.0 = Debug|Any CPU
		{4922AADB-EE01-4AC0-B181-6B013685950B}.Release|Any CPU.ActiveCfg = Release|Any CPU
		{4922AADB-EE01-4AC0-B181-6B013685950B}.Release|Any CPU.Build.0 = Release|Any CPU
	EndGlobalSection
	GlobalSection(SolutionProperties) = preSolution
		HideSolutionNode = FALSE
	EndGlobalSection
	GlobalSection(ExtensibilityGlobals) = postSolution
		SolutionGuid = {40FDFA75-347B-4A23-870A-41BBA425C1F5}
	EndGlobalSection
EndGlobal
